
Microsoft Visual Studio Solution File, Format Version 12.00
# Visual Studio Version 16
VisualStudioVersion = 16.0.30114.105
MinimumVisualStudioVersion = 10.0.40219.1
Project("{2150E333-8FDC-42A3-9474-1A3956D46DE8}") = "src", "src", "{07892719-350C-44DA-8AB4-92B87C406A5E}"
EndProject
Project("{FAE04EC0-301F-11D3-BF4B-00C04F79EFBC}") = "ORMDemo.API", "src\ORMDemo.API\ORMDemo.API.csproj", "{46421A02-BB69-40D6-B0FF-4C03F2590A61}"
EndProject
Global
	GlobalSection(SolutionConfigurationPlatforms) = preSolution
		Debug|Any CPU = Debug|Any CPU
		Release|Any CPU = Release|Any CPU
	EndGlobalSection
	GlobalSection(SolutionProperties) = preSolution
		HideSolutionNode = FALSE
	EndGlobalSection
	GlobalSection(ProjectConfigurationPlatforms) = postSolution
		{46421A02-BB69-40D6-B0FF-4C03F2590A61}.Debug|Any CPU.ActiveCfg = Debug|Any CPU
		{46421A02-BB69-40D6-B0FF-4C03F2590A61}.Debug|Any CPU.Build.0 = Debug|Any CPU
		{46421A02-BB69-40D6-B0FF-4C03F2590A61}.Release|Any CPU.ActiveCfg = Release|Any CPU
		{46421A02-BB69-40D6-B0FF-4C03F2590A61}.Release|Any CPU.Build.0 = Release|Any CPU
	EndGlobalSection
	GlobalSection(NestedProjects) = preSolution
		{46421A02-BB69-40D6-B0FF-4C03F2590A61} = {07892719-350C-44DA-8AB4-92B87C406A5E}
	EndGlobalSection
EndGlobal
